
Microsoft Visual Studio Solution File, Format Version 12.00
# Visual Studio Version 17
VisualStudioVersion = 17.3.32929.385
MinimumVisualStudioVersion = 10.0.40219.1
Project("{9A19103F-16F7-4668-BE54-9A1E7A4F7556}") = "PSCDPackPlus", "PSCDPackPlus\PSCDPackPlus.csproj", "{1E84AA2C-9110-40FD-93C5-8D14F5F9D86A}"
EndProject
Project("{9A19103F-16F7-4668-BE54-9A1E7A4F7556}") = "PSCDPackLib", "PSCDPackLib\PSCDPackLib.csproj", "{140D8638-3366-4B46-9846-082512D0237B}"
EndProject
Global
	GlobalSection(SolutionConfigurationPlatforms) = preSolution
		Debug|Any CPU = Debug|Any CPU
		Release|Any CPU = Release|Any CPU
	EndGlobalSection
	GlobalSection(ProjectConfigurationPlatforms) = postSolution
		{1E84AA2C-9110-40FD-93C5-8D14F5F9D86A}.Debug|Any CPU.ActiveCfg = Debug|Any CPU
		{1E84AA2C-9110-40FD-93C5-8D14F5F9D86A}.Debug|Any CPU.Build.0 = Debug|Any CPU
		{1E84AA2C-9110-40FD-93C5-8D14F5F9D86A}.Release|Any CPU.ActiveCfg = Release|Any CPU
		{1E84AA2C-9110-40FD-93C5-8D14F5F9D86A}.Release|Any CPU.Build.0 = Release|Any CPU
		{140D8638-3366-4B46-9846-082512D0237B}.Debug|Any CPU.ActiveCfg = Debug|Any CPU
		{140D8638-3366-4B46-9846-082512D0237B}.Debug|Any CPU.Build.0 = Debug|Any CPU
		{140D8638-3366-4B46-9846-082512D0237B}.Release|Any CPU.ActiveCfg = Release|Any CPU
		{140D8638-3366-4B46-9846-082512D0237B}.Release|Any CPU.Build.0 = Release|Any CPU
	EndGlobalSection
	GlobalSection(SolutionProperties) = preSolution
		HideSolutionNode = FALSE
	EndGlobalSection
	GlobalSection(ExtensibilityGlobals) = postSolution
		SolutionGuid = {B860E313-EA12-4839-9B03-19BCBEB6D83E}
	EndGlobalSection
EndGlobal
